
Microsoft Visual Studio Solution File, Format Version 12.00
# Visual Studio Version 16
VisualStudioVersion = 25.0.1703.0
MinimumVisualStudioVersion = 10.0.40219.1
Project("{FAE04EC0-301F-11D3-BF4B-00C04F79EFBC}") = "ConsoleDependencyInjection.Web", "ConsoleDependencyInjection.Web\ConsoleDependencyInjection.Web.csproj", "{FDB32E75-B642-4F93-84BE-C2A051230F07}"
EndProject
Project("{FAE04EC0-301F-11D3-BF4B-00C04F79EFBC}") = "ConsoleDependencyInjection.Tests", "ConsoleDependencyInjection.Tests\ConsoleDependencyInjection.Tests.csproj", "{87D7D6E9-93BC-4FD7-8E15-FC4859FF8887}"
EndProject
Project("{FAE04EC0-301F-11D3-BF4B-00C04F79EFBC}") = "ConsoleDependencyInjection.Library", "ConsoleDependencyInjection.Library\ConsoleDependencyInjection.Library.csproj", "{72D7AF3A-8D42-4BD2-B590-950519E6C437}"
EndProject
Global
	GlobalSection(SolutionConfigurationPlatforms) = preSolution
		Debug|Any CPU = Debug|Any CPU
		Release|Any CPU = Release|Any CPU
	EndGlobalSection
	GlobalSection(ProjectConfigurationPlatforms) = postSolution
		{FDB32E75-B642-4F93-84BE-C2A051230F07}.Debug|Any CPU.ActiveCfg = Debug|Any CPU
		{FDB32E75-B642-4F93-84BE-C2A051230F07}.Debug|Any CPU.Build.0 = Debug|Any CPU
		{FDB32E75-B642-4F93-84BE-C2A051230F07}.Release|Any CPU.ActiveCfg = Release|Any CPU
		{FDB32E75-B642-4F93-84BE-C2A051230F07}.Release|Any CPU.Build.0 = Release|Any CPU
		{87D7D6E9-93BC-4FD7-8E15-FC4859FF8887}.Debug|Any CPU.ActiveCfg = Debug|Any CPU
		{87D7D6E9-93BC-4FD7-8E15-FC4859FF8887}.Debug|Any CPU.Build.0 = Debug|Any CPU
		{87D7D6E9-93BC-4FD7-8E15-FC4859FF8887}.Release|Any CPU.ActiveCfg = Release|Any CPU
		{87D7D6E9-93BC-4FD7-8E15-FC4859FF8887}.Release|Any CPU.Build.0 = Release|Any CPU
		{72D7AF3A-8D42-4BD2-B590-950519E6C437}.Debug|Any CPU.ActiveCfg = Debug|Any CPU
		{72D7AF3A-8D42-4BD2-B590-950519E6C437}.Debug|Any CPU.Build.0 = Debug|Any CPU
		{72D7AF3A-8D42-4BD2-B590-950519E6C437}.Release|Any CPU.ActiveCfg = Release|Any CPU
		{72D7AF3A-8D42-4BD2-B590-950519E6C437}.Release|Any CPU.Build.0 = Release|Any CPU
	EndGlobalSection
	GlobalSection(SolutionProperties) = preSolution
		HideSolutionNode = FALSE
	EndGlobalSection
	GlobalSection(ExtensibilityGlobals) = postSolution
		SolutionGuid = {35E6D9D9-8BFE-457B-8A25-2EB97A2D70F5}
	EndGlobalSection
EndGlobal
